// !$*UTF8*$!
{
	archiveVersion = 1;
	classes = {
	};
	objectVersion = 46;
	objects = {

/* Begin PBXBuildFile section */
		0A3D9B8B18D286B90008E772 /* Foundation.framework in Frameworks */ = {isa = PBXBuildFile; fileRef = 0A3D9B8A18D286B90008E772 /* Foundation.framework */; };
		0A3D9B8D18D286B90008E772 /* CoreGraphics.framework in Frameworks */ = {isa = PBXBuildFile; fileRef = 0A3D9B8C18D286B90008E772 /* CoreGraphics.framework */; };
		0A3D9B8F18D286B90008E772 /* UIKit.framework in Frameworks */ = {isa = PBXBuildFile; fileRef = 0A3D9B8E18D286B90008E772 /* UIKit.framework */; };
		0A3D9B9518D286B90008E772 /* InfoPlist.strings in Resources */ = {isa = PBXBuildFile; fileRef = 0A3D9B9318D286B90008E772 /* InfoPlist.strings */; };
		0A3D9B9718D286B90008E772 /* main.m in Sources */ = {isa = PBXBuildFile; fileRef = 0A3D9B9618D286B90008E772 /* main.m */; };
		0A3D9B9B18D286B90008E772 /* AppDelegate.m in Sources */ = {isa = PBXBuildFile; fileRef = 0A3D9B9A18D286B90008E772 /* AppDelegate.m */; };
		0A3D9B9E18D286B90008E772 /* Main.storyboard in Resources */ = {isa = PBXBuildFile; fileRef = 0A3D9B9C18D286B90008E772 /* Main.storyboard */; };
		0A3D9BA118D286B90008E772 /* ViewController.m in Sources */ = {isa = PBXBuildFile; fileRef = 0A3D9BA018D286B90008E772 /* ViewController.m */; };
		0A3D9BA318D286B90008E772 /* Images.xcassets in Resources */ = {isa = PBXBuildFile; fileRef = 0A3D9BA218D286B90008E772 /* Images.xcassets */; };
		0A3D9BAA18D286B90008E772 /* XCTest.framework in Frameworks */ = {isa = PBXBuildFile; fileRef = 0A3D9BA918D286B90008E772 /* XCTest.framework */; };
		0A3D9BAB18D286B90008E772 /* Foundation.framework in Frameworks */ = {isa = PBXBuildFile; fileRef = 0A3D9B8A18D286B90008E772 /* Foundation.framework */; };
		0A3D9BAC18D286B90008E772 /* UIKit.framework in Frameworks */ = {isa = PBXBuildFile; fileRef = 0A3D9B8E18D286B90008E772 /* UIKit.framework */; };
		0A3D9BB418D286B90008E772 /* InfoPlist.strings in Resources */ = {isa = PBXBuildFile; fileRef = 0A3D9BB218D286B90008E772 /* InfoPlist.strings */; };
		0A3D9BB618D286B90008E772 /* ImageRetargetingTests.m in Sources */ = {isa = PBXBuildFile; fileRef = 0A3D9BB518D286B90008E772 /* ImageRetargetingTests.m */; };
		0A3D9BC118D2D10D0008E772 /* ImageHelper.m in Sources */ = {isa = PBXBuildFile; fileRef = 0A3D9BC018D2D10D0008E772 /* ImageHelper.m */; };
		0A3D9BC418D313980008E772 /* UIImage+Resize.m in Sources */ = {isa = PBXBuildFile; fileRef = 0A3D9BC318D313980008E772 /* UIImage+Resize.m */; };
		0A3D9BCC18D3A7CC0008E772 /* FastCCSMatrix.m in Sources */ = {isa = PBXBuildFile; fileRef = 0A3D9BC718D3A7CC0008E772 /* FastCCSMatrix.m */; };
		0A3D9BCD18D3A7CC0008E772 /* Matrix.m in Sources */ = {isa = PBXBuildFile; fileRef = 0A3D9BC918D3A7CC0008E772 /* Matrix.m */; };
		0A3D9BCE18D3A7CC0008E772 /* SparseMatrix.m in Sources */ = {isa = PBXBuildFile; fileRef = 0A3D9BCB18D3A7CC0008E772 /* SparseMatrix.m */; };
		0A3D9BDA18D3BF270008E772 /* CVXGenRangeSolver25x25.m in Sources */ = {isa = PBXBuildFile; fileRef = 0A3D9BD118D3BF270008E772 /* CVXGenRangeSolver25x25.m */; };
		0A3D9BDB18D3BF270008E772 /* CVXGenRangeSolver25x25+Ldl.m in Sources */ = {isa = PBXBuildFile; fileRef = 0A3D9BD318D3BF270008E772 /* CVXGenRangeSolver25x25+Ldl.m */; };
		0A3D9BDC18D3BF270008E772 /* CVXGenRangeSolver25x25+MatrixSupport.m in Sources */ = {isa = PBXBuildFile; fileRef = 0A3D9BD518D3BF270008E772 /* CVXGenRangeSolver25x25+MatrixSupport.m */; };
		0A3D9BDD18D3BF270008E772 /* CVXGenRangeSolver25x25+Util.m in Sources */ = {isa = PBXBuildFile; fileRef = 0A3D9BD718D3BF270008E772 /* CVXGenRangeSolver25x25+Util.m */; };
		0A3D9BDE18D3BF270008E772 /* CVXGenRangeSolver25x25+TestSolver.m in Sources */ = {isa = PBXBuildFile; fileRef = 0A3D9BD918D3BF270008E772 /* CVXGenRangeSolver25x25+TestSolver.m */; };
		0A3D9BE118D3C3D20008E772 /* RetargetingSolver.m in Sources */ = {isa = PBXBuildFile; fileRef = 0A3D9BE018D3C3D20008E772 /* RetargetingSolver.m */; };
		0A3D9BE518D4CFCC0008E772 /* ImageOperator.m in Sources */ = {isa = PBXBuildFile; fileRef = 0A3D9BE418D4CFCC0008E772 /* ImageOperator.m */; };
		0A3D9BE818D4D01F0008E772 /* GradientOperator.m in Sources */ = {isa = PBXBuildFile; fileRef = 0A3D9BE718D4D01F0008E772 /* GradientOperator.m */; };
		0A3D9BF218D676FE0008E772 /* arrows-h.png in Resources */ = {isa = PBXBuildFile; fileRef = 0A3D9BF018D676FE0008E772 /* arrows-h.png */; };
		0A3D9BF318D676FE0008E772 /* arrows-v.png in Resources */ = {isa = PBXBuildFile; fileRef = 0A3D9BF118D676FE0008E772 /* arrows-v.png */; };
		0A3D9BF718D6AC9C0008E772 /* MBProgressHUD.m in Sources */ = {isa = PBXBuildFile; fileRef = 0A3D9BF618D6AC9C0008E772 /* MBProgressHUD.m */; };
/* End PBXBuildFile section */

/* Begin PBXContainerItemProxy section */
		0A3D9BAD18D286B90008E772 /* PBXContainerItemProxy */ = {
			isa = PBXContainerItemProxy;
			containerPortal = 0A3D9B7F18D286B90008E772 /* Project object */;
			proxyType = 1;
			remoteGlobalIDString = 0A3D9B8618D286B90008E772;
			remoteInfo = ImageRetargeting;
		};
/* End PBXContainerItemProxy section */

/* Begin PBXFileReference section */
		0A3D9B8718D286B90008E772 /* ImageRetargeting.app */ = {isa = PBXFileReference; explicitFileType = wrapper.application; includeInIndex = 0; path = ImageRetargeting.app; sourceTree = BUILT_PRODUCTS_DIR; };
		0A3D9B8A18D286B90008E772 /* Foundation.framework */ = {isa = PBXFileReference; lastKnownFileType = wrapper.framework; name = Foundation.framework; path = System/Library/Frameworks/Foundation.framework; sourceTree = SDKROOT; };
		0A3D9B8C18D286B90008E772 /* CoreGraphics.framework */ = {isa = PBXFileReference; lastKnownFileType = wrapper.framework; name = CoreGraphics.framework; path = System/Library/Frameworks/CoreGraphics.framework; sourceTree = SDKROOT; };
		0A3D9B8E18D286B90008E772 /* UIKit.framework */ = {isa = PBXFileReference; lastKnownFileType = wrapper.framework; name = UIKit.framework; path = System/Library/Frameworks/UIKit.framework; sourceTree = SDKROOT; };
		0A3D9B9218D286B90008E772 /* ImageRetargeting-Info.plist */ = {isa = PBXFileReference; lastKnownFileType = text.plist.xml; path = "ImageRetargeting-Info.plist"; sourceTree = "<group>"; };
		0A3D9B9418D286B90008E772 /* en */ = {isa = PBXFileReference; lastKnownFileType = text.plist.strings; name = en; path = en.lproj/InfoPlist.strings; sourceTree = "<group>"; };
		0A3D9B9618D286B90008E772 /* main.m */ = {isa = PBXFileReference; lastKnownFileType = sourcecode.c.objc; path = main.m; sourceTree = "<group>"; };
		0A3D9B9818D286B90008E772 /* ImageRetargeting-Prefix.pch */ = {isa = PBXFileReference; lastKnownFileType = sourcecode.c.h; path = "ImageRetargeting-Prefix.pch"; sourceTree = "<group>"; };
		0A3D9B9918D286B90008E772 /* AppDelegate.h */ = {isa = PBXFileReference; lastKnownFileType = sourcecode.c.h; path = AppDelegate.h; sourceTree = "<group>"; };
		0A3D9B9A18D286B90008E772 /* AppDelegate.m */ = {isa = PBXFileReference; lastKnownFileType = sourcecode.c.objc; path = AppDelegate.m; sourceTree = "<group>"; };
		0A3D9B9D18D286B90008E772 /* Base */ = {isa = PBXFileReference; lastKnownFileType = file.storyboard; name = Base; path = Base.lproj/Main.storyboard; sourceTree = "<group>"; };
		0A3D9B9F18D286B90008E772 /* ViewController.h */ = {isa = PBXFileReference; lastKnownFileType = sourcecode.c.h; path = ViewController.h; sourceTree = "<group>"; };
		0A3D9BA018D286B90008E772 /* ViewController.m */ = {isa = PBXFileReference; lastKnownFileType = sourcecode.c.objc; path = ViewController.m; sourceTree = "<group>"; };
		0A3D9BA218D286B90008E772 /* Images.xcassets */ = {isa = PBXFileReference; lastKnownFileType = folder.assetcatalog; path = Images.xcassets; sourceTree = "<group>"; };
		0A3D9BA818D286B90008E772 /* ImageRetargetingTests.xctest */ = {isa = PBXFileReference; explicitFileType = wrapper.cfbundle; includeInIndex = 0; path = ImageRetargetingTests.xctest; sourceTree = BUILT_PRODUCTS_DIR; };
		0A3D9BA918D286B90008E772 /* XCTest.framework */ = {isa = PBXFileReference; lastKnownFileType = wrapper.framework; name = XCTest.framework; path = Library/Frameworks/XCTest.framework; sourceTree = DEVELOPER_DIR; };
		0A3D9BB118D286B90008E772 /* ImageRetargetingTests-Info.plist */ = {isa = PBXFileReference; lastKnownFileType = text.plist.xml; path = "ImageRetargetingTests-Info.plist"; sourceTree = "<group>"; };
		0A3D9BB318D286B90008E772 /* en */ = {isa = PBXFileReference; lastKnownFileType = text.plist.strings; name = en; path = en.lproj/InfoPlist.strings; sourceTree = "<group>"; };
		0A3D9BB518D286B90008E772 /* ImageRetargetingTests.m */ = {isa = PBXFileReference; lastKnownFileType = sourcecode.c.objc; path = ImageRetargetingTests.m; sourceTree = "<group>"; };
		0A3D9BBF18D2D10D0008E772 /* ImageHelper.h */ = {isa = PBXFileReference; fileEncoding = 4; lastKnownFileType = sourcecode.c.h; path = ImageHelper.h; sourceTree = "<group>"; };
		0A3D9BC018D2D10D0008E772 /* ImageHelper.m */ = {isa = PBXFileReference; fileEncoding = 4; lastKnownFileType = sourcecode.c.objc; path = ImageHelper.m; sourceTree = "<group>"; };
		0A3D9BC218D313980008E772 /* UIImage+Resize.h */ = {isa = PBXFileReference; fileEncoding = 4; lastKnownFileType = sourcecode.c.h; path = "UIImage+Resize.h"; sourceTree = "<group>"; };
		0A3D9BC318D313980008E772 /* UIImage+Resize.m */ = {isa = PBXFileReference; fileEncoding = 4; lastKnownFileType = sourcecode.c.objc; path = "UIImage+Resize.m"; sourceTree = "<group>"; };
		0A3D9BC618D3A7CC0008E772 /* FastCCSMatrix.h */ = {isa = PBXFileReference; fileEncoding = 4; lastKnownFileType = sourcecode.c.h; path = FastCCSMatrix.h; sourceTree = "<group>"; };
		0A3D9BC718D3A7CC0008E772 /* FastCCSMatrix.m */ = {isa = PBXFileReference; fileEncoding = 4; lastKnownFileType = sourcecode.c.objc; path = FastCCSMatrix.m; sourceTree = "<group>"; };
		0A3D9BC818D3A7CC0008E772 /* Matrix.h */ = {isa = PBXFileReference; fileEncoding = 4; lastKnownFileType = sourcecode.c.h; path = Matrix.h; sourceTree = "<group>"; };
		0A3D9BC918D3A7CC0008E772 /* Matrix.m */ = {isa = PBXFileReference; fileEncoding = 4; lastKnownFileType = sourcecode.c.objc; path = Matrix.m; sourceTree = "<group>"; };
		0A3D9BCA18D3A7CC0008E772 /* SparseMatrix.h */ = {isa = PBXFileReference; fileEncoding = 4; lastKnownFileType = sourcecode.c.h; path = SparseMatrix.h; sourceTree = "<group>"; };
		0A3D9BCB18D3A7CC0008E772 /* SparseMatrix.m */ = {isa = PBXFileReference; fileEncoding = 4; lastKnownFileType = sourcecode.c.objc; path = SparseMatrix.m; sourceTree = "<group>"; };
		0A3D9BD018D3BF270008E772 /* CVXGenRangeSolver25x25.h */ = {isa = PBXFileReference; fileEncoding = 4; lastKnownFileType = sourcecode.c.h; path = CVXGenRangeSolver25x25.h; sourceTree = "<group>"; };
		0A3D9BD118D3BF270008E772 /* CVXGenRangeSolver25x25.m */ = {isa = PBXFileReference; fileEncoding = 4; lastKnownFileType = sourcecode.c.objc; path = CVXGenRangeSolver25x25.m; sourceTree = "<group>"; };
		0A3D9BD218D3BF270008E772 /* CVXGenRangeSolver25x25+Ldl.h */ = {isa = PBXFileReference; fileEncoding = 4; lastKnownFileType = sourcecode.c.h; path = "CVXGenRangeSolver25x25+Ldl.h"; sourceTree = "<group>"; };
		0A3D9BD318D3BF270008E772 /* CVXGenRangeSolver25x25+Ldl.m */ = {isa = PBXFileReference; fileEncoding = 4; lastKnownFileType = sourcecode.c.objc; path = "CVXGenRangeSolver25x25+Ldl.m"; sourceTree = "<group>"; };
		0A3D9BD418D3BF270008E772 /* CVXGenRangeSolver25x25+MatrixSupport.h */ = {isa = PBXFileReference; fileEncoding = 4; lastKnownFileType = sourcecode.c.h; path = "CVXGenRangeSolver25x25+MatrixSupport.h"; sourceTree = "<group>"; };
		0A3D9BD518D3BF270008E772 /* CVXGenRangeSolver25x25+MatrixSupport.m */ = {isa = PBXFileReference; fileEncoding = 4; lastKnownFileType = sourcecode.c.objc; path = "CVXGenRangeSolver25x25+MatrixSupport.m"; sourceTree = "<group>"; };
		0A3D9BD618D3BF270008E772 /* CVXGenRangeSolver25x25+Util.h */ = {isa = PBXFileReference; fileEncoding = 4; lastKnownFileType = sourcecode.c.h; path = "CVXGenRangeSolver25x25+Util.h"; sourceTree = "<group>"; };
		0A3D9BD718D3BF270008E772 /* CVXGenRangeSolver25x25+Util.m */ = {isa = PBXFileReference; fileEncoding = 4; lastKnownFileType = sourcecode.c.objc; path = "CVXGenRangeSolver25x25+Util.m"; sourceTree = "<group>"; };
		0A3D9BD818D3BF270008E772 /* CVXGenRangeSolver25x25+TestSolver.h */ = {isa = PBXFileReference; fileEncoding = 4; lastKnownFileType = sourcecode.c.h; path = "CVXGenRangeSolver25x25+TestSolver.h"; sourceTree = "<group>"; };
		0A3D9BD918D3BF270008E772 /* CVXGenRangeSolver25x25+TestSolver.m */ = {isa = PBXFileReference; fileEncoding = 4; lastKnownFileType = sourcecode.c.objc; path = "CVXGenRangeSolver25x25+TestSolver.m"; sourceTree = "<group>"; };
		0A3D9BDF18D3C3D20008E772 /* RetargetingSolver.h */ = {isa = PBXFileReference; fileEncoding = 4; lastKnownFileType = sourcecode.c.h; path = RetargetingSolver.h; sourceTree = "<group>"; };
		0A3D9BE018D3C3D20008E772 /* RetargetingSolver.m */ = {isa = PBXFileReference; fileEncoding = 4; lastKnownFileType = sourcecode.c.objc; path = RetargetingSolver.m; sourceTree = "<group>"; };
		0A3D9BE318D4CFCC0008E772 /* ImageOperator.h */ = {isa = PBXFileReference; fileEncoding = 4; lastKnownFileType = sourcecode.c.h; path = ImageOperator.h; sourceTree = "<group>"; };
		0A3D9BE418D4CFCC0008E772 /* ImageOperator.m */ = {isa = PBXFileReference; fileEncoding = 4; lastKnownFileType = sourcecode.c.objc; path = ImageOperator.m; sourceTree = "<group>"; };
		0A3D9BE618D4D01F0008E772 /* GradientOperator.h */ = {isa = PBXFileReference; fileEncoding = 4; lastKnownFileType = sourcecode.c.h; path = GradientOperator.h; sourceTree = "<group>"; };
		0A3D9BE718D4D01F0008E772 /* GradientOperator.m */ = {isa = PBXFileReference; fileEncoding = 4; lastKnownFileType = sourcecode.c.objc; path = GradientOperator.m; sourceTree = "<group>"; };
		0A3D9BF018D676FE0008E772 /* arrows-h.png */ = {isa = PBXFileReference; lastKnownFileType = image.png; path = "arrows-h.png"; sourceTree = "<group>"; };
		0A3D9BF118D676FE0008E772 /* arrows-v.png */ = {isa = PBXFileReference; lastKnownFileType = image.png; path = "arrows-v.png"; sourceTree = "<group>"; };
		0A3D9BF518D6AC9C0008E772 /* MBProgressHUD.h */ = {isa = PBXFileReference; fileEncoding = 4; lastKnownFileType = sourcecode.c.h; path = MBProgressHUD.h; sourceTree = "<group>"; };
		0A3D9BF618D6AC9C0008E772 /* MBProgressHUD.m */ = {isa = PBXFileReference; fileEncoding = 4; lastKnownFileType = sourcecode.c.objc; path = MBProgressHUD.m; sourceTree = "<group>"; };
/* End PBXFileReference section */

/* Begin PBXFrameworksBuildPhase section */
		0A3D9B8418D286B90008E772 /* Frameworks */ = {
			isa = PBXFrameworksBuildPhase;
			buildActionMask = 2147483647;
			files = (
				0A3D9B8D18D286B90008E772 /* CoreGraphics.framework in Frameworks */,
				0A3D9B8F18D286B90008E772 /* UIKit.framework in Frameworks */,
				0A3D9B8B18D286B90008E772 /* Foundation.framework in Frameworks */,
			);
			runOnlyForDeploymentPostprocessing = 0;
		};
		0A3D9BA518D286B90008E772 /* Frameworks */ = {
			isa = PBXFrameworksBuildPhase;
			buildActionMask = 2147483647;
			files = (
				0A3D9BAA18D286B90008E772 /* XCTest.framework in Frameworks */,
				0A3D9BAC18D286B90008E772 /* UIKit.framework in Frameworks */,
				0A3D9BAB18D286B90008E772 /* Foundation.framework in Frameworks */,
			);
			runOnlyForDeploymentPostprocessing = 0;
		};
/* End PBXFrameworksBuildPhase section */

/* Begin PBXGroup section */
		0A3D9B7E18D286B90008E772 = {
			isa = PBXGroup;
			children = (
				0A3D9B9018D286B90008E772 /* ImageRetargeting */,
				0A3D9BAF18D286B90008E772 /* ImageRetargetingTests */,
				0A3D9B8918D286B90008E772 /* Frameworks */,
				0A3D9B8818D286B90008E772 /* Products */,
			);
			sourceTree = "<group>";
		};
		0A3D9B8818D286B90008E772 /* Products */ = {
			isa = PBXGroup;
			children = (
				0A3D9B8718D286B90008E772 /* ImageRetargeting.app */,
				0A3D9BA818D286B90008E772 /* ImageRetargetingTests.xctest */,
			);
			name = Products;
			sourceTree = "<group>";
		};
		0A3D9B8918D286B90008E772 /* Frameworks */ = {
			isa = PBXGroup;
			children = (
				0A3D9B8A18D286B90008E772 /* Foundation.framework */,
				0A3D9B8C18D286B90008E772 /* CoreGraphics.framework */,
				0A3D9B8E18D286B90008E772 /* UIKit.framework */,
				0A3D9BA918D286B90008E772 /* XCTest.framework */,
			);
			name = Frameworks;
			sourceTree = "<group>";
		};
		0A3D9B9018D286B90008E772 /* ImageRetargeting */ = {
			isa = PBXGroup;
			children = (
				0A3D9BF818D6ACA00008E772 /* MBProgressHUD */,
				0A3D9BE918D674D90008E772 /* Icons */,
				0A3D9BE218D3C3DF0008E772 /* Classes */,
				0A3D9BCF18D3BF180008E772 /* CVXGenRangeSolver25x25 */,
				0A3D9BC518D3A79C0008E772 /* Numerics */,
				0A3D9B9C18D286B90008E772 /* Main.storyboard */,
				0A3D9BA218D286B90008E772 /* Images.xcassets */,
				0A3D9B9118D286B90008E772 /* Supporting Files */,
			);
			path = ImageRetargeting;
			sourceTree = "<group>";
		};
		0A3D9B9118D286B90008E772 /* Supporting Files */ = {
			isa = PBXGroup;
			children = (
				0A3D9B9218D286B90008E772 /* ImageRetargeting-Info.plist */,
				0A3D9B9318D286B90008E772 /* InfoPlist.strings */,
				0A3D9B9618D286B90008E772 /* main.m */,
				0A3D9B9818D286B90008E772 /* ImageRetargeting-Prefix.pch */,
			);
			name = "Supporting Files";
			sourceTree = "<group>";
		};
		0A3D9BAF18D286B90008E772 /* ImageRetargetingTests */ = {
			isa = PBXGroup;
			children = (
				0A3D9BB518D286B90008E772 /* ImageRetargetingTests.m */,
				0A3D9BB018D286B90008E772 /* Supporting Files */,
			);
			path = ImageRetargetingTests;
			sourceTree = "<group>";
		};
		0A3D9BB018D286B90008E772 /* Supporting Files */ = {
			isa = PBXGroup;
			children = (
				0A3D9BB118D286B90008E772 /* ImageRetargetingTests-Info.plist */,
				0A3D9BB218D286B90008E772 /* InfoPlist.strings */,
			);
			name = "Supporting Files";
			sourceTree = "<group>";
		};
		0A3D9BC518D3A79C0008E772 /* Numerics */ = {
			isa = PBXGroup;
			children = (
				0A3D9BC618D3A7CC0008E772 /* FastCCSMatrix.h */,
				0A3D9BC718D3A7CC0008E772 /* FastCCSMatrix.m */,
				0A3D9BC818D3A7CC0008E772 /* Matrix.h */,
				0A3D9BC918D3A7CC0008E772 /* Matrix.m */,
				0A3D9BCA18D3A7CC0008E772 /* SparseMatrix.h */,
				0A3D9BCB18D3A7CC0008E772 /* SparseMatrix.m */,
			);
			name = Numerics;
			sourceTree = "<group>";
		};
		0A3D9BCF18D3BF180008E772 /* CVXGenRangeSolver25x25 */ = {
			isa = PBXGroup;
			children = (
				0A3D9BD018D3BF270008E772 /* CVXGenRangeSolver25x25.h */,
				0A3D9BD118D3BF270008E772 /* CVXGenRangeSolver25x25.m */,
				0A3D9BD218D3BF270008E772 /* CVXGenRangeSolver25x25+Ldl.h */,
				0A3D9BD318D3BF270008E772 /* CVXGenRangeSolver25x25+Ldl.m */,
				0A3D9BD418D3BF270008E772 /* CVXGenRangeSolver25x25+MatrixSupport.h */,
				0A3D9BD518D3BF270008E772 /* CVXGenRangeSolver25x25+MatrixSupport.m */,
				0A3D9BD618D3BF270008E772 /* CVXGenRangeSolver25x25+Util.h */,
				0A3D9BD718D3BF270008E772 /* CVXGenRangeSolver25x25+Util.m */,
				0A3D9BD818D3BF270008E772 /* CVXGenRangeSolver25x25+TestSolver.h */,
				0A3D9BD918D3BF270008E772 /* CVXGenRangeSolver25x25+TestSolver.m */,
			);
			name = CVXGenRangeSolver25x25;
			sourceTree = "<group>";
		};
		0A3D9BE218D3C3DF0008E772 /* Classes */ = {
			isa = PBXGroup;
			children = (
				0A3D9B9918D286B90008E772 /* AppDelegate.h */,
				0A3D9B9A18D286B90008E772 /* AppDelegate.m */,
				0A3D9B9F18D286B90008E772 /* ViewController.h */,
				0A3D9BA018D286B90008E772 /* ViewController.m */,
				0A3D9BBF18D2D10D0008E772 /* ImageHelper.h */,
				0A3D9BC018D2D10D0008E772 /* ImageHelper.m */,
				0A3D9BC218D313980008E772 /* UIImage+Resize.h */,
				0A3D9BC318D313980008E772 /* UIImage+Resize.m */,
				0A3D9BDF18D3C3D20008E772 /* RetargetingSolver.h */,
				0A3D9BE018D3C3D20008E772 /* RetargetingSolver.m */,
				0A3D9BE318D4CFCC0008E772 /* ImageOperator.h */,
				0A3D9BE418D4CFCC0008E772 /* ImageOperator.m */,
				0A3D9BE618D4D01F0008E772 /* GradientOperator.h */,
				0A3D9BE718D4D01F0008E772 /* GradientOperator.m */,
			);
			name = Classes;
			sourceTree = "<group>";
		};
		0A3D9BE918D674D90008E772 /* Icons */ = {
			isa = PBXGroup;
			children = (
				0A3D9BF018D676FE0008E772 /* arrows-h.png */,
				0A3D9BF118D676FE0008E772 /* arrows-v.png */,
			);
			name = Icons;
			sourceTree = "<group>";
		};
		0A3D9BF818D6ACA00008E772 /* MBProgressHUD */ = {
			isa = PBXGroup;
			children = (
				0A3D9BF518D6AC9C0008E772 /* MBProgressHUD.h */,
				0A3D9BF618D6AC9C0008E772 /* MBProgressHUD.m */,
			);
			name = MBProgressHUD;
			sourceTree = "<group>";
		};
/* End PBXGroup section */

/* Begin PBXNativeTarget section */
		0A3D9B8618D286B90008E772 /* ImageRetargeting */ = {
			isa = PBXNativeTarget;
			buildConfigurationList = 0A3D9BB918D286B90008E772 /* Build configuration list for PBXNativeTarget "ImageRetargeting" */;
			buildPhases = (
				0A3D9B8318D286B90008E772 /* Sources */,
				0A3D9B8418D286B90008E772 /* Frameworks */,
				0A3D9B8518D286B90008E772 /* Resources */,
			);
			buildRules = (
			);
			dependencies = (
			);
			name = ImageRetargeting;
			productName = ImageRetargeting;
			productReference = 0A3D9B8718D286B90008E772 /* ImageRetargeting.app */;
			productType = "com.apple.product-type.application";
		};
		0A3D9BA718D286B90008E772 /* ImageRetargetingTests */ = {
			isa = PBXNativeTarget;
			buildConfigurationList = 0A3D9BBC18D286B90008E772 /* Build configuration list for PBXNativeTarget "ImageRetargetingTests" */;
			buildPhases = (
				0A3D9BA418D286B90008E772 /* Sources */,
				0A3D9BA518D286B90008E772 /* Frameworks */,
				0A3D9BA618D286B90008E772 /* Resources */,
			);
			buildRules = (
			);
			dependencies = (
				0A3D9BAE18D286B90008E772 /* PBXTargetDependency */,
			);
			name = ImageRetargetingTests;
			productName = ImageRetargetingTests;
			productReference = 0A3D9BA818D286B90008E772 /* ImageRetargetingTests.xctest */;
			productType = "com.apple.product-type.bundle.unit-test";
		};
/* End PBXNativeTarget section */

/* Begin PBXProject section */
		0A3D9B7F18D286B90008E772 /* Project object */ = {
			isa = PBXProject;
			attributes = {
				LastUpgradeCheck = 0510;
				ORGANIZATIONNAME = "Susen Zhao";
				TargetAttributes = {
					0A3D9BA718D286B90008E772 = {
						TestTargetID = 0A3D9B8618D286B90008E772;
					};
				};
			};
			buildConfigurationList = 0A3D9B8218D286B90008E772 /* Build configuration list for PBXProject "ImageRetargeting" */;
			compatibilityVersion = "Xcode 3.2";
			developmentRegion = English;
			hasScannedForEncodings = 0;
			knownRegions = (
				en,
				Base,
			);
			mainGroup = 0A3D9B7E18D286B90008E772;
			productRefGroup = 0A3D9B8818D286B90008E772 /* Products */;
			projectDirPath = "";
			projectRoot = "";
			targets = (
				0A3D9B8618D286B90008E772 /* ImageRetargeting */,
				0A3D9BA718D286B90008E772 /* ImageRetargetingTests */,
			);
		};
/* End PBXProject section */

/* Begin PBXResourcesBuildPhase section */
		0A3D9B8518D286B90008E772 /* Resources */ = {
			isa = PBXResourcesBuildPhase;
			buildActionMask = 2147483647;
			files = (
				0A3D9BF318D676FE0008E772 /* arrows-v.png in Resources */,
				0A3D9BA318D286B90008E772 /* Images.xcassets in Resources */,
				0A3D9B9518D286B90008E772 /* InfoPlist.strings in Resources */,
				0A3D9BF218D676FE0008E772 /* arrows-h.png in Resources */,
				0A3D9B9E18D286B90008E772 /* Main.storyboard in Resources */,
			);
			runOnlyForDeploymentPostprocessing = 0;
		};
		0A3D9BA618D286B90008E772 /* Resources */ = {
			isa = PBXResourcesBuildPhase;
			buildActionMask = 2147483647;
			files = (
				0A3D9BB418D286B90008E772 /* InfoPlist.strings in Resources */,
			);
			runOnlyForDeploymentPostprocessing = 0;
		};
/* End PBXResourcesBuildPhase section */

/* Begin PBXSourcesBuildPhase section */
		0A3D9B8318D286B90008E772 /* Sources */ = {
			isa = PBXSourcesBuildPhase;
			buildActionMask = 2147483647;
			files = (
				0A3D9BDC18D3BF270008E772 /* CVXGenRangeSolver25x25+MatrixSupport.m in Sources */,
				0A3D9BE118D3C3D20008E772 /* RetargetingSolver.m in Sources */,
				0A3D9BCC18D3A7CC0008E772 /* FastCCSMatrix.m in Sources */,
				0A3D9BA118D286B90008E772 /* ViewController.m in Sources */,
				0A3D9B9B18D286B90008E772 /* AppDelegate.m in Sources */,
				0A3D9BDB18D3BF270008E772 /* CVXGenRangeSolver25x25+Ldl.m in Sources */,
				0A3D9B9718D286B90008E772 /* main.m in Sources */,
				0A3D9BF718D6AC9C0008E772 /* MBProgressHUD.m in Sources */,
				0A3D9BE818D4D01F0008E772 /* GradientOperator.m in Sources */,
				0A3D9BCE18D3A7CC0008E772 /* SparseMatrix.m in Sources */,
				0A3D9BC118D2D10D0008E772 /* ImageHelper.m in Sources */,
				0A3D9BC418D313980008E772 /* UIImage+Resize.m in Sources */,
				0A3D9BDA18D3BF270008E772 /* CVXGenRangeSolver25x25.m in Sources */,
				0A3D9BDD18D3BF270008E772 /* CVXGenRangeSolver25x25+Util.m in Sources */,
				0A3D9BCD18D3A7CC0008E772 /* Matrix.m in Sources */,
				0A3D9BDE18D3BF270008E772 /* CVXGenRangeSolver25x25+TestSolver.m in Sources */,
				0A3D9BE518D4CFCC0008E772 /* ImageOperator.m in Sources */,
			);
			runOnlyForDeploymentPostprocessing = 0;
		};
		0A3D9BA418D286B90008E772 /* Sources */ = {
			isa = PBXSourcesBuildPhase;
			buildActionMask = 2147483647;
			files = (
				0A3D9BB618D286B90008E772 /* ImageRetargetingTests.m in Sources */,
			);
			runOnlyForDeploymentPostprocessing = 0;
		};
/* End PBXSourcesBuildPhase section */

/* Begin PBXTargetDependency section */
		0A3D9BAE18D286B90008E772 /* PBXTargetDependency */ = {
			isa = PBXTargetDependency;
			target = 0A3D9B8618D286B90008E772 /* ImageRetargeting */;
			targetProxy = 0A3D9BAD18D286B90008E772 /* PBXContainerItemProxy */;
		};
/* End PBXTargetDependency section */

/* Begin PBXVariantGroup section */
		0A3D9B9318D286B90008E772 /* InfoPlist.strings */ = {
			isa = PBXVariantGroup;
			children = (
				0A3D9B9418D286B90008E772 /* en */,
			);
			name = InfoPlist.strings;
			sourceTree = "<group>";
		};
		0A3D9B9C18D286B90008E772 /* Main.storyboard */ = {
			isa = PBXVariantGroup;
			children = (
				0A3D9B9D18D286B90008E772 /* Base */,
			);
			name = Main.storyboard;
			sourceTree = "<group>";
		};
		0A3D9BB218D286B90008E772 /* InfoPlist.strings */ = {
			isa = PBXVariantGroup;
			children = (
				0A3D9BB318D286B90008E772 /* en */,
			);
			name = InfoPlist.strings;
			sourceTree = "<group>";
		};
/* End PBXVariantGroup section */

/* Begin XCBuildConfiguration section */
		0A3D9BB718D286B90008E772 /* Debug */ = {
			isa = XCBuildConfiguration;
			buildSettings = {
				ALWAYS_SEARCH_USER_PATHS = NO;
				CLANG_CXX_LANGUAGE_STANDARD = "gnu++0x";
				CLANG_CXX_LIBRARY = "libc++";
				CLANG_ENABLE_MODULES = YES;
				CLANG_ENABLE_OBJC_ARC = YES;
				CLANG_WARN_BOOL_CONVERSION = YES;
				CLANG_WARN_CONSTANT_CONVERSION = YES;
				CLANG_WARN_DIRECT_OBJC_ISA_USAGE = YES_ERROR;
				CLANG_WARN_EMPTY_BODY = YES;
				CLANG_WARN_ENUM_CONVERSION = YES;
				CLANG_WARN_INT_CONVERSION = YES;
				CLANG_WARN_OBJC_ROOT_CLASS = YES_ERROR;
				CLANG_WARN__DUPLICATE_METHOD_MATCH = YES;
				"CODE_SIGN_IDENTITY[sdk=iphoneos*]" = "iPhone Developer";
				COPY_PHASE_STRIP = NO;
				GCC_C_LANGUAGE_STANDARD = gnu99;
				GCC_DYNAMIC_NO_PIC = NO;
				GCC_OPTIMIZATION_LEVEL = 0;
				GCC_PREPROCESSOR_DEFINITIONS = (
					"DEBUG=1",
					"$(inherited)",
				);
				GCC_SYMBOLS_PRIVATE_EXTERN = NO;
				GCC_WARN_64_TO_32_BIT_CONVERSION = YES;
				GCC_WARN_ABOUT_RETURN_TYPE = YES_ERROR;
				GCC_WARN_UNDECLARED_SELECTOR = YES;
				GCC_WARN_UNINITIALIZED_AUTOS = YES_AGGRESSIVE;
				GCC_WARN_UNUSED_FUNCTION = YES;
				GCC_WARN_UNUSED_VARIABLE = YES;
				IPHONEOS_DEPLOYMENT_TARGET = 7.0;
				ONLY_ACTIVE_ARCH = YES;
				SDKROOT = iphoneos;
			};
			name = Debug;
		};
		0A3D9BB818D286B90008E772 /* Release */ = {
			isa = XCBuildConfiguration;
			buildSettings = {
				ALWAYS_SEARCH_USER_PATHS = NO;
				CLANG_CXX_LANGUAGE_STANDARD = "gnu++0x";
				CLANG_CXX_LIBRARY = "libc++";
				CLANG_ENABLE_MODULES = YES;
				CLANG_ENABLE_OBJC_ARC = YES;
				CLANG_WARN_BOOL_CONVERSION = YES;
				CLANG_WARN_CONSTANT_CONVERSION = YES;
				CLANG_WARN_DIRECT_OBJC_ISA_USAGE = YES_ERROR;
				CLANG_WARN_EMPTY_BODY = YES;
				CLANG_WARN_ENUM_CONVERSION = YES;
				CLANG_WARN_INT_CONVERSION = YES;
				CLANG_WARN_OBJC_ROOT_CLASS = YES_ERROR;
				CLANG_WARN__DUPLICATE_METHOD_MATCH = YES;
				"CODE_SIGN_IDENTITY[sdk=iphoneos*]" = "iPhone Developer";
				COPY_PHASE_STRIP = YES;
				ENABLE_NS_ASSERTIONS = NO;
				GCC_C_LANGUAGE_STANDARD = gnu99;
				GCC_WARN_64_TO_32_BIT_CONVERSION = YES;
				GCC_WARN_ABOUT_RETURN_TYPE = YES_ERROR;
				GCC_WARN_UNDECLARED_SELECTOR = YES;
				GCC_WARN_UNINITIALIZED_AUTOS = YES_AGGRESSIVE;
				GCC_WARN_UNUSED_FUNCTION = YES;
				GCC_WARN_UNUSED_VARIABLE = YES;
				IPHONEOS_DEPLOYMENT_TARGET = 7.0;
				SDKROOT = iphoneos;
				VALIDATE_PRODUCT = YES;
			};
			name = Release;
		};
		0A3D9BBA18D286B90008E772 /* Debug */ = {
			isa = XCBuildConfiguration;
			buildSettings = {
				ASSETCATALOG_COMPILER_APPICON_NAME = AppIcon;
				ASSETCATALOG_COMPILER_LAUNCHIMAGE_NAME = LaunchImage;
				GCC_PRECOMPILE_PREFIX_HEADER = YES;
				GCC_PREFIX_HEADER = "ImageRetargeting/ImageRetargeting-Prefix.pch";
				INFOPLIST_FILE = "ImageRetargeting/ImageRetargeting-Info.plist";
				IPHONEOS_DEPLOYMENT_TARGET = 7.0;
				PRODUCT_NAME = "$(TARGET_NAME)";
				WRAPPER_EXTENSION = app;
			};
			name = Debug;
		};
		0A3D9BBB18D286B90008E772 /* Release */ = {
			isa = XCBuildConfiguration;
			buildSettings = {
				ASSETCATALOG_COMPILER_APPICON_NAME = AppIcon;
				ASSETCATALOG_COMPILER_LAUNCHIMAGE_NAME = LaunchImage;
				GCC_PRECOMPILE_PREFIX_HEADER = YES;
				GCC_PREFIX_HEADER = "ImageRetargeting/ImageRetargeting-Prefix.pch";
				INFOPLIST_FILE = "ImageRetargeting/ImageRetargeting-Info.plist";
				IPHONEOS_DEPLOYMENT_TARGET = 7.0;
				PRODUCT_NAME = "$(TARGET_NAME)";
				WRAPPER_EXTENSION = app;
			};
			name = Release;
		};
		0A3D9BBD18D286B90008E772 /* Debug */ = {
			isa = XCBuildConfiguration;
			buildSettings = {
				BUNDLE_LOADER = "$(BUILT_PRODUCTS_DIR)/ImageRetargeting.app/ImageRetargeting";
				FRAMEWORK_SEARCH_PATHS = (
					"$(SDKROOT)/Developer/Library/Frameworks",
					"$(inherited)",
					"$(DEVELOPER_FRAMEWORKS_DIR)",
				);
				GCC_PRECOMPILE_PREFIX_HEADER = YES;
				GCC_PREFIX_HEADER = "ImageRetargeting/ImageRetargeting-Prefix.pch";
				GCC_PREPROCESSOR_DEFINITIONS = (
					"DEBUG=1",
					"$(inherited)",
				);
				INFOPLIST_FILE = "ImageRetargetingTests/ImageRetargetingTests-Info.plist";
				PRODUCT_NAME = "$(TARGET_NAME)";
				TEST_HOST = "$(BUNDLE_LOADER)";
				WRAPPER_EXTENSION = xctest;
			};
			name = Debug;
		};
		0A3D9BBE18D286B90008E772 /* Release */ = {
			isa = XCBuildConfiguration;
			buildSettings = {
				BUNDLE_LOADER = "$(BUILT_PRODUCTS_DIR)/ImageRetargeting.app/ImageRetargeting";
				FRAMEWORK_SEARCH_PATHS = (
					"$(SDKROOT)/Developer/Library/Frameworks",
					"$(inherited)",
					"$(DEVELOPER_FRAMEWORKS_DIR)",
				);
				GCC_PRECOMPILE_PREFIX_HEADER = YES;
				GCC_PREFIX_HEADER = "ImageRetargeting/ImageRetargeting-Prefix.pch";
				INFOPLIST_FILE = "ImageRetargetingTests/ImageRetargetingTests-Info.plist";
				PRODUCT_NAME = "$(TARGET_NAME)";
				TEST_HOST = "$(BUNDLE_LOADER)";
				WRAPPER_EXTENSION = xctest;
			};
			name = Release;
		};
/* End XCBuildConfiguration section */

/* Begin XCConfigurationList section */
		0A3D9B8218D286B90008E772 /* Build configuration list for PBXProject "ImageRetargeting" */ = {
			isa = XCConfigurationList;
			buildConfigurations = (
				0A3D9BB718D286B90008E772 /* Debug */,
				0A3D9BB818D286B90008E772 /* Release */,
			);
			defaultConfigurationIsVisible = 0;
			defaultConfigurationName = Release;
		};
		0A3D9BB918D286B90008E772 /* Build configuration list for PBXNativeTarget "ImageRetargeting" */ = {
			isa = XCConfigurationList;
			buildConfigurations = (
				0A3D9BBA18D286B90008E772 /* Debug */,
				0A3D9BBB18D286B90008E772 /* Release */,
			);
			defaultConfigurationIsVisible = 0;
			defaultConfigurationName = Release;
		};
		0A3D9BBC18D286B90008E772 /* Build configuration list for PBXNativeTarget "ImageRetargetingTests" */ = {
			isa = XCConfigurationList;
			buildConfigurations = (
				0A3D9BBD18D286B90008E772 /* Debug */,
				0A3D9BBE18D286B90008E772 /* Release */,
			);
			defaultConfigurationIsVisible = 0;
			defaultConfigurationName = Release;
		};
/* End XCConfigurationList section */
	};
	rootObject = 0A3D9B7F18D286B90008E772 /* Project object */;
}
